
Microsoft Visual Studio Solution File, Format Version 12.00
# Visual Studio Version 17
VisualStudioVersion = 17.1.32228.430
MinimumVisualStudioVersion = 10.0.40219.1
Project("{9A19103F-16F7-4668-BE54-9A1E7A4F7556}") = "BankTransaction.App", "BankTransaction.App\BankTransaction.App.csproj", "{950D89E4-0B03-4D66-A3B6-EB46D41112DF}"
EndProject
Project("{2150E333-8FDC-42A3-9474-1A3956D46DE8}") = "Solution Items", "Solution Items", "{12C7DF12-6495-451D-81C5-E5C5BEB13D79}"
	ProjectSection(SolutionItems) = preProject
		.editorconfig = .editorconfig
	EndProjectSection
EndProject
Global
	GlobalSection(SolutionConfigurationPlatforms) = preSolution
		Debug|Any CPU = Debug|Any CPU
		Release|Any CPU = Release|Any CPU
	EndGlobalSection
	GlobalSection(ProjectConfigurationPlatforms) = postSolution
		{950D89E4-0B03-4D66-A3B6-EB46D41112DF}.Debug|Any CPU.ActiveCfg = Debug|Any CPU
		{950D89E4-0B03-4D66-A3B6-EB46D41112DF}.Debug|Any CPU.Build.0 = Debug|Any CPU
		{950D89E4-0B03-4D66-A3B6-EB46D41112DF}.Release|Any CPU.ActiveCfg = Release|Any CPU
		{950D89E4-0B03-4D66-A3B6-EB46D41112DF}.Release|Any CPU.Build.0 = Release|Any CPU
	EndGlobalSection
	GlobalSection(SolutionProperties) = preSolution
		HideSolutionNode = FALSE
	EndGlobalSection
	GlobalSection(ExtensibilityGlobals) = postSolution
		SolutionGuid = {A2D777D0-7666-4059-9608-9C3C94F17AF7}
	EndGlobalSection
EndGlobal
